
Microsoft Visual Studio Solution File, Format Version 12.00
# Visual Studio 2012
Project("{FAE04EC0-301F-11D3-BF4B-00C04F79EFBC}") = "PortScaner", "PortScaner\PortScaner.csproj", "{1C6858FF-0247-4E60-988E-1146ED4B8A2E}"
EndProject
Project("{FAE04EC0-301F-11D3-BF4B-00C04F79EFBC}") = "XMLSerial", "WindowsFormsApplication1\XMLSerial.csproj", "{818C0D56-4421-48F2-AE87-E32512B5D2F7}"
EndProject
Project("{FAE04EC0-301F-11D3-BF4B-00C04F79EFBC}") = "HTMLAgility", "HTMLAgility\HTMLAgility.csproj", "{21AE8167-7BFD-4AB7-8101-9BB202862E1C}"
EndProject
Global
	GlobalSection(SolutionConfigurationPlatforms) = preSolution
		Debug|Any CPU = Debug|Any CPU
		Release|Any CPU = Release|Any CPU
	EndGlobalSection
	GlobalSection(ProjectConfigurationPlatforms) = postSolution
		{1C6858FF-0247-4E60-988E-1146ED4B8A2E}.Debug|Any CPU.ActiveCfg = Debug|Any CPU
		{1C6858FF-0247-4E60-988E-1146ED4B8A2E}.Debug|Any CPU.Build.0 = Debug|Any CPU
		{1C6858FF-0247-4E60-988E-1146ED4B8A2E}.Release|Any CPU.ActiveCfg = Release|Any CPU
		{1C6858FF-0247-4E60-988E-1146ED4B8A2E}.Release|Any CPU.Build.0 = Release|Any CPU
		{818C0D56-4421-48F2-AE87-E32512B5D2F7}.Debug|Any CPU.ActiveCfg = Debug|Any CPU
		{818C0D56-4421-48F2-AE87-E32512B5D2F7}.Debug|Any CPU.Build.0 = Debug|Any CPU
		{818C0D56-4421-48F2-AE87-E32512B5D2F7}.Release|Any CPU.ActiveCfg = Release|Any CPU
		{818C0D56-4421-48F2-AE87-E32512B5D2F7}.Release|Any CPU.Build.0 = Release|Any CPU
		{21AE8167-7BFD-4AB7-8101-9BB202862E1C}.Debug|Any CPU.ActiveCfg = Debug|Any CPU
		{21AE8167-7BFD-4AB7-8101-9BB202862E1C}.Debug|Any CPU.Build.0 = Debug|Any CPU
		{21AE8167-7BFD-4AB7-8101-9BB202862E1C}.Release|Any CPU.ActiveCfg = Release|Any CPU
		{21AE8167-7BFD-4AB7-8101-9BB202862E1C}.Release|Any CPU.Build.0 = Release|Any CPU
	EndGlobalSection
	GlobalSection(SolutionProperties) = preSolution
		HideSolutionNode = FALSE
	EndGlobalSection
EndGlobal
