
Microsoft Visual Studio Solution File, Format Version 12.00
# Visual Studio 2012
Project("{FAE04EC0-301F-11D3-BF4B-00C04F79EFBC}") = "WCFConsoleService", "WCFConsoleService\WCFConsoleService.csproj", "{C522C68A-7E8C-4ABD-A4F8-C8E08BB86A9F}"
EndProject
Project("{FAE04EC0-301F-11D3-BF4B-00C04F79EFBC}") = "WCFOneWayClient", "WCFOneWayClient\WCFOneWayClient.csproj", "{5EF39251-35F1-450A-87AA-8B5A52A3076F}"
EndProject
Project("{FAE04EC0-301F-11D3-BF4B-00C04F79EFBC}") = "WCF_BankService", "WCF_BankService\WCF_BankService.csproj", "{40DF46A9-EA7A-4422-89FA-2A93A22476A3}"
EndProject
Project("{FAE04EC0-301F-11D3-BF4B-00C04F79EFBC}") = "WCFBankClient", "WCFBankClient\WCFBankClient.csproj", "{41DCBFC0-01D8-4E4E-BB41-C9C8D84E46B3}"
EndProject
Global
	GlobalSection(SolutionConfigurationPlatforms) = preSolution
		Debug|Any CPU = Debug|Any CPU
		Release|Any CPU = Release|Any CPU
	EndGlobalSection
	GlobalSection(ProjectConfigurationPlatforms) = postSolution
		{C522C68A-7E8C-4ABD-A4F8-C8E08BB86A9F}.Debug|Any CPU.ActiveCfg = Debug|Any CPU
		{C522C68A-7E8C-4ABD-A4F8-C8E08BB86A9F}.Debug|Any CPU.Build.0 = Debug|Any CPU
		{C522C68A-7E8C-4ABD-A4F8-C8E08BB86A9F}.Release|Any CPU.ActiveCfg = Release|Any CPU
		{C522C68A-7E8C-4ABD-A4F8-C8E08BB86A9F}.Release|Any CPU.Build.0 = Release|Any CPU
		{5EF39251-35F1-450A-87AA-8B5A52A3076F}.Debug|Any CPU.ActiveCfg = Debug|Any CPU
		{5EF39251-35F1-450A-87AA-8B5A52A3076F}.Debug|Any CPU.Build.0 = Debug|Any CPU
		{5EF39251-35F1-450A-87AA-8B5A52A3076F}.Release|Any CPU.ActiveCfg = Release|Any CPU
		{5EF39251-35F1-450A-87AA-8B5A52A3076F}.Release|Any CPU.Build.0 = Release|Any CPU
		{40DF46A9-EA7A-4422-89FA-2A93A22476A3}.Debug|Any CPU.ActiveCfg = Debug|Any CPU
		{40DF46A9-EA7A-4422-89FA-2A93A22476A3}.Debug|Any CPU.Build.0 = Debug|Any CPU
		{40DF46A9-EA7A-4422-89FA-2A93A22476A3}.Release|Any CPU.ActiveCfg = Release|Any CPU
		{40DF46A9-EA7A-4422-89FA-2A93A22476A3}.Release|Any CPU.Build.0 = Release|Any CPU
		{41DCBFC0-01D8-4E4E-BB41-C9C8D84E46B3}.Debug|Any CPU.ActiveCfg = Debug|Any CPU
		{41DCBFC0-01D8-4E4E-BB41-C9C8D84E46B3}.Debug|Any CPU.Build.0 = Debug|Any CPU
		{41DCBFC0-01D8-4E4E-BB41-C9C8D84E46B3}.Release|Any CPU.ActiveCfg = Release|Any CPU
		{41DCBFC0-01D8-4E4E-BB41-C9C8D84E46B3}.Release|Any CPU.Build.0 = Release|Any CPU
	EndGlobalSection
	GlobalSection(SolutionProperties) = preSolution
		HideSolutionNode = FALSE
	EndGlobalSection
EndGlobal
