
Microsoft Visual Studio Solution File, Format Version 12.00
# Visual Studio 2012
Project("{FAE04EC0-301F-11D3-BF4B-00C04F79EFBC}") = "VirusForm", "VirusForm\VirusForm.csproj", "{E28ED5D5-4973-4F84-9AEE-87C3895E3D9E}"
EndProject
Global
	GlobalSection(SolutionConfigurationPlatforms) = preSolution
		Debug|Any CPU = Debug|Any CPU
		Release|Any CPU = Release|Any CPU
	EndGlobalSection
	GlobalSection(ProjectConfigurationPlatforms) = postSolution
		{E28ED5D5-4973-4F84-9AEE-87C3895E3D9E}.Debug|Any CPU.ActiveCfg = Debug|Any CPU
		{E28ED5D5-4973-4F84-9AEE-87C3895E3D9E}.Debug|Any CPU.Build.0 = Debug|Any CPU
		{E28ED5D5-4973-4F84-9AEE-87C3895E3D9E}.Release|Any CPU.ActiveCfg = Release|Any CPU
		{E28ED5D5-4973-4F84-9AEE-87C3895E3D9E}.Release|Any CPU.Build.0 = Release|Any CPU
	EndGlobalSection
	GlobalSection(SolutionProperties) = preSolution
		HideSolutionNode = FALSE
	EndGlobalSection
EndGlobal
