
Microsoft Visual Studio Solution File, Format Version 12.00
# Visual Studio 2013
VisualStudioVersion = 12.0.21005.1
MinimumVisualStudioVersion = 10.0.40219.1
Project("{FAE04EC0-301F-11D3-BF4B-00C04F79EFBC}") = "VirusForm", "VirusForm\VirusForm.csproj", "{E28ED5D5-4973-4F84-9AEE-87C3895E3D9E}"
EndProject
Project("{FAE04EC0-301F-11D3-BF4B-00C04F79EFBC}") = "DeleteVirus", "DeleteVirus\DeleteVirus.csproj", "{1B0209D0-AF58-4AAC-8A9F-67C8F56DE7EA}"
EndProject
Global
	GlobalSection(SolutionConfigurationPlatforms) = preSolution
		Debug|Any CPU = Debug|Any CPU
		Release|Any CPU = Release|Any CPU
	EndGlobalSection
	GlobalSection(ProjectConfigurationPlatforms) = postSolution
		{E28ED5D5-4973-4F84-9AEE-87C3895E3D9E}.Debug|Any CPU.ActiveCfg = Debug|Any CPU
		{E28ED5D5-4973-4F84-9AEE-87C3895E3D9E}.Debug|Any CPU.Build.0 = Debug|Any CPU
		{E28ED5D5-4973-4F84-9AEE-87C3895E3D9E}.Release|Any CPU.ActiveCfg = Release|Any CPU
		{E28ED5D5-4973-4F84-9AEE-87C3895E3D9E}.Release|Any CPU.Build.0 = Release|Any CPU
		{1B0209D0-AF58-4AAC-8A9F-67C8F56DE7EA}.Debug|Any CPU.ActiveCfg = Debug|Any CPU
		{1B0209D0-AF58-4AAC-8A9F-67C8F56DE7EA}.Debug|Any CPU.Build.0 = Debug|Any CPU
		{1B0209D0-AF58-4AAC-8A9F-67C8F56DE7EA}.Release|Any CPU.ActiveCfg = Release|Any CPU
		{1B0209D0-AF58-4AAC-8A9F-67C8F56DE7EA}.Release|Any CPU.Build.0 = Release|Any CPU
	EndGlobalSection
	GlobalSection(SolutionProperties) = preSolution
		HideSolutionNode = FALSE
	EndGlobalSection
EndGlobal
