
Microsoft Visual Studio Solution File, Format Version 12.00
# Visual Studio 2012
Project("{FAE04EC0-301F-11D3-BF4B-00C04F79EFBC}") = "WindowsFormsApplication1", "WindowsFormsApplication1\WindowsFormsApplication1.csproj", "{6DF69EF9-D62A-4DF6-A118-F5918FE848CC}"
EndProject
Project("{FAE04EC0-301F-11D3-BF4B-00C04F79EFBC}") = "OAuth", "ClassLibrary1\OAuth.csproj", "{06F30F5D-41B5-4BC8-B72A-5B82761FA0A3}"
EndProject
Global
	GlobalSection(SolutionConfigurationPlatforms) = preSolution
		Debug|Any CPU = Debug|Any CPU
		Release|Any CPU = Release|Any CPU
	EndGlobalSection
	GlobalSection(ProjectConfigurationPlatforms) = postSolution
		{6DF69EF9-D62A-4DF6-A118-F5918FE848CC}.Debug|Any CPU.ActiveCfg = Debug|Any CPU
		{6DF69EF9-D62A-4DF6-A118-F5918FE848CC}.Debug|Any CPU.Build.0 = Debug|Any CPU
		{6DF69EF9-D62A-4DF6-A118-F5918FE848CC}.Release|Any CPU.ActiveCfg = Release|Any CPU
		{6DF69EF9-D62A-4DF6-A118-F5918FE848CC}.Release|Any CPU.Build.0 = Release|Any CPU
		{06F30F5D-41B5-4BC8-B72A-5B82761FA0A3}.Debug|Any CPU.ActiveCfg = Debug|Any CPU
		{06F30F5D-41B5-4BC8-B72A-5B82761FA0A3}.Debug|Any CPU.Build.0 = Debug|Any CPU
		{06F30F5D-41B5-4BC8-B72A-5B82761FA0A3}.Release|Any CPU.ActiveCfg = Release|Any CPU
		{06F30F5D-41B5-4BC8-B72A-5B82761FA0A3}.Release|Any CPU.Build.0 = Release|Any CPU
	EndGlobalSection
	GlobalSection(SolutionProperties) = preSolution
		HideSolutionNode = FALSE
	EndGlobalSection
EndGlobal
